// !$*UTF8*$!
{
	archiveVersion = 1;
	classes = {
	};
	objectVersion = 50;
	objects = {

/* Begin PBXBuildFile section */
		D47E340922D45B0600ABE606 /* AppDelegate.swift in Sources */ = {isa = PBXBuildFile; fileRef = D47E340822D45B0600ABE606 /* AppDelegate.swift */; };
		D47E340E22D45B0600ABE606 /* Main.storyboard in Resources */ = {isa = PBXBuildFile; fileRef = D47E340C22D45B0600ABE606 /* Main.storyboard */; };
		D47E341122D45B0600ABE606 /* MyMemory.xcdatamodeld in Sources */ = {isa = PBXBuildFile; fileRef = D47E340F22D45B0600ABE606 /* MyMemory.xcdatamodeld */; };
		D47E341322D45B0700ABE606 /* Assets.xcassets in Resources */ = {isa = PBXBuildFile; fileRef = D47E341222D45B0700ABE606 /* Assets.xcassets */; };
		D47E341622D45B0700ABE606 /* LaunchScreen.storyboard in Resources */ = {isa = PBXBuildFile; fileRef = D47E341422D45B0700ABE606 /* LaunchScreen.storyboard */; };
/* End PBXBuildFile section */

/* Begin PBXFileReference section */
		D47E340522D45B0600ABE606 /* MyMemory.app */ = {isa = PBXFileReference; explicitFileType = wrapper.application; includeInIndex = 0; path = MyMemory.app; sourceTree = BUILT_PRODUCTS_DIR; };
		D47E340822D45B0600ABE606 /* AppDelegate.swift */ = {isa = PBXFileReference; lastKnownFileType = sourcecode.swift; path = AppDelegate.swift; sourceTree = "<group>"; };
		D47E340D22D45B0600ABE606 /* Base */ = {isa = PBXFileReference; lastKnownFileType = file.storyboard; name = Base; path = Base.lproj/Main.storyboard; sourceTree = "<group>"; };
		D47E341022D45B0600ABE606 /* MyMemory.xcdatamodel */ = {isa = PBXFileReference; lastKnownFileType = wrapper.xcdatamodel; path = MyMemory.xcdatamodel; sourceTree = "<group>"; };
		D47E341222D45B0700ABE606 /* Assets.xcassets */ = {isa = PBXFileReference; lastKnownFileType = folder.assetcatalog; path = Assets.xcassets; sourceTree = "<group>"; };
		D47E341522D45B0700ABE606 /* Base */ = {isa = PBXFileReference; lastKnownFileType = file.storyboard; name = Base; path = Base.lproj/LaunchScreen.storyboard; sourceTree = "<group>"; };
		D47E341722D45B0700ABE606 /* Info.plist */ = {isa = PBXFileReference; lastKnownFileType = text.plist.xml; path = Info.plist; sourceTree = "<group>"; };
/* End PBXFileReference section */

/* Begin PBXFrameworksBuildPhase section */
		D47E340222D45B0600ABE606 /* Frameworks */ = {
			isa = PBXFrameworksBuildPhase;
			buildActionMask = 2147483647;
			files = (
			);
			runOnlyForDeploymentPostprocessing = 0;
		};
/* End PBXFrameworksBuildPhase section */

/* Begin PBXGroup section */
		D47E33FC22D45B0600ABE606 = {
			isa = PBXGroup;
			children = (
				D47E340722D45B0600ABE606 /* MyMemory */,
				D47E340622D45B0600ABE606 /* Products */,
			);
			sourceTree = "<group>";
		};
		D47E340622D45B0600ABE606 /* Products */ = {
			isa = PBXGroup;
			children = (
				D47E340522D45B0600ABE606 /* MyMemory.app */,
			);
			name = Products;
			sourceTree = "<group>";
		};
		D47E340722D45B0600ABE606 /* MyMemory */ = {
			isa = PBXGroup;
			children = (
				D47E340822D45B0600ABE606 /* AppDelegate.swift */,
				D47E340C22D45B0600ABE606 /* Main.storyboard */,
				D47E341222D45B0700ABE606 /* Assets.xcassets */,
				D47E341422D45B0700ABE606 /* LaunchScreen.storyboard */,
				D47E341722D45B0700ABE606 /* Info.plist */,
				D47E340F22D45B0600ABE606 /* MyMemory.xcdatamodeld */,
			);
			path = MyMemory;
			sourceTree = "<group>";
		};
/* End PBXGroup section */

/* Begin PBXNativeTarget section */
		D47E340422D45B0600ABE606 /* MyMemory */ = {
			isa = PBXNativeTarget;
			buildConfigurationList = D47E341A22D45B0700ABE606 /* Build configuration list for PBXNativeTarget "MyMemory" */;
			buildPhases = (
				D47E340122D45B0600ABE606 /* Sources */,
				D47E340222D45B0600ABE606 /* Frameworks */,
				D47E340322D45B0600ABE606 /* Resources */,
			);
			buildRules = (
			);
			dependencies = (
			);
			name = MyMemory;
			productName = MyMemory;
			productReference = D47E340522D45B0600ABE606 /* MyMemory.app */;
			productType = "com.apple.product-type.application";
		};
/* End PBXNativeTarget section */

/* Begin PBXProject section */
		D47E33FD22D45B0600ABE606 /* Project object */ = {
			isa = PBXProject;
			attributes = {
				LastSwiftUpdateCheck = 0940;
				LastUpgradeCheck = 0940;
				ORGANIZATIONNAME = comsoft;
				TargetAttributes = {
					D47E340422D45B0600ABE606 = {
						CreatedOnToolsVersion = 9.4.1;
					};
				};
			};
			buildConfigurationList = D47E340022D45B0600ABE606 /* Build configuration list for PBXProject "MyMemory" */;
			compatibilityVersion = "Xcode 9.3";
			developmentRegion = en;
			hasScannedForEncodings = 0;
			knownRegions = (
				en,
				Base,
			);
			mainGroup = D47E33FC22D45B0600ABE606;
			productRefGroup = D47E340622D45B0600ABE606 /* Products */;
			projectDirPath = "";
			projectRoot = "";
			targets = (
				D47E340422D45B0600ABE606 /* MyMemory */,
			);
		};
/* End PBXProject section */

/* Begin PBXResourcesBuildPhase section */
		D47E340322D45B0600ABE606 /* Resources */ = {
			isa = PBXResourcesBuildPhase;
			buildActionMask = 2147483647;
			files = (
				D47E341622D45B0700ABE606 /* LaunchScreen.storyboard in Resources */,
				D47E341322D45B0700ABE606 /* Assets.xcassets in Resources */,
				D47E340E22D45B0600ABE606 /* Main.storyboard in Resources */,
			);
			runOnlyForDeploymentPostprocessing = 0;
		};
/* End PBXResourcesBuildPhase section */

/* Begin PBXSourcesBuildPhase section */
		D47E340122D45B0600ABE606 /* Sources */ = {
			isa = PBXSourcesBuildPhase;
			buildActionMask = 2147483647;
			files = (
				D47E341122D45B0600ABE606 /* MyMemory.xcdatamodeld in Sources */,
				D47E340922D45B0600ABE606 /* AppDelegate.swift in Sources */,
			);
			runOnlyForDeploymentPostprocessing = 0;
		};
/* End PBXSourcesBuildPhase section */

/* Begin PBXVariantGroup section */
		D47E340C22D45B0600ABE606 /* Main.storyboard */ = {
			isa = PBXVariantGroup;
			children = (
				D47E340D22D45B0600ABE606 /* Base */,
			);
			name = Main.storyboard;
			sourceTree = "<group>";
		};
		D47E341422D45B0700ABE606 /* LaunchScreen.storyboard */ = {
			isa = PBXVariantGroup;
			children = (
				D47E341522D45B0700ABE606 /* Base */,
			);
			name = LaunchScreen.storyboard;
			sourceTree = "<group>";
		};
/* End PBXVariantGroup section */

/* Begin XCBuildConfiguration section */
		D47E341822D45B0700ABE606 /* Debug */ = {
			isa = XCBuildConfiguration;
			buildSettings = {
				ALWAYS_SEARCH_USER_PATHS = NO;
				CLANG_ANALYZER_NONNULL = YES;
				CLANG_ANALYZER_NUMBER_OBJECT_CONVERSION = YES_AGGRESSIVE;
				CLANG_CXX_LANGUAGE_STANDARD = "gnu++14";
				CLANG_CXX_LIBRARY = "libc++";
				CLANG_ENABLE_MODULES = YES;
				CLANG_ENABLE_OBJC_ARC = YES;
				CLANG_ENABLE_OBJC_WEAK = YES;
				CLANG_WARN_BLOCK_CAPTURE_AUTORELEASING = YES;
				CLANG_WARN_BOOL_CONVERSION = YES;
				CLANG_WARN_COMMA = YES;
				CLANG_WARN_CONSTANT_CONVERSION = YES;
				CLANG_WARN_DEPRECATED_OBJC_IMPLEMENTATIONS = YES;
				CLANG_WARN_DIRECT_OBJC_ISA_USAGE = YES_ERROR;
				CLANG_WARN_DOCUMENTATION_COMMENTS = YES;
				CLANG_WARN_EMPTY_BODY = YES;
				CLANG_WARN_ENUM_CONVERSION = YES;
				CLANG_WARN_INFINITE_RECURSION = YES;
				CLANG_WARN_INT_CONVERSION = YES;
				CLANG_WARN_NON_LITERAL_NULL_CONVERSION = YES;
				CLANG_WARN_OBJC_IMPLICIT_RETAIN_SELF = YES;
				CLANG_WARN_OBJC_LITERAL_CONVERSION = YES;
				CLANG_WARN_OBJC_ROOT_CLASS = YES_ERROR;
				CLANG_WARN_RANGE_LOOP_ANALYSIS = YES;
				CLANG_WARN_STRICT_PROTOTYPES = YES;
				CLANG_WARN_SUSPICIOUS_MOVE = YES;
				CLANG_WARN_UNGUARDED_AVAILABILITY = YES_AGGRESSIVE;
				CLANG_WARN_UNREACHABLE_CODE = YES;
				CLANG_WARN__DUPLICATE_METHOD_MATCH = YES;
				CODE_SIGN_IDENTITY = "iPhone Developer";
				COPY_PHASE_STRIP = NO;
				DEBUG_INFORMATION_FORMAT = dwarf;
				ENABLE_STRICT_OBJC_MSGSEND = YES;
				ENABLE_TESTABILITY = YES;
				GCC_C_LANGUAGE_STANDARD = gnu11;
				GCC_DYNAMIC_NO_PIC = NO;
				GCC_NO_COMMON_BLOCKS = YES;
				GCC_OPTIMIZATION_LEVEL = 0;
				GCC_PREPROCESSOR_DEFINITIONS = (
					"DEBUG=1",
					"$(inherited)",
				);
				GCC_WARN_64_TO_32_BIT_CONVERSION = YES;
				GCC_WARN_ABOUT_RETURN_TYPE = YES_ERROR;
				GCC_WARN_UNDECLARED_SELECTOR = YES;
				GCC_WARN_UNINITIALIZED_AUTOS = YES_AGGRESSIVE;
				GCC_WARN_UNUSED_FUNCTION = YES;
				GCC_WARN_UNUSED_VARIABLE = YES;
				IPHONEOS_DEPLOYMENT_TARGET = 11.4;
				MTL_ENABLE_DEBUG_INFO = YES;
				ONLY_ACTIVE_ARCH = YES;
				SDKROOT = iphoneos;
				SWIFT_ACTIVE_COMPILATION_CONDITIONS = DEBUG;
				SWIFT_OPTIMIZATION_LEVEL = "-Onone";
			};
			name = Debug;
		};
		D47E341922D45B0700ABE606 /* Release */ = {
			isa = XCBuildConfiguration;
			buildSettings = {
				ALWAYS_SEARCH_USER_PATHS = NO;
				CLANG_ANALYZER_NONNULL = YES;
				CLANG_ANALYZER_NUMBER_OBJECT_CONVERSION = YES_AGGRESSIVE;
				CLANG_CXX_LANGUAGE_STANDARD = "gnu++14";
				CLANG_CXX_LIBRARY = "libc++";
				CLANG_ENABLE_MODULES = YES;
				CLANG_ENABLE_OBJC_ARC = YES;
				CLANG_ENABLE_OBJC_WEAK = YES;
				CLANG_WARN_BLOCK_CAPTURE_AUTORELEASING = YES;
				CLANG_WARN_BOOL_CONVERSION = YES;
				CLANG_WARN_COMMA = YES;
				CLANG_WARN_CONSTANT_CONVERSION = YES;
				CLANG_WARN_DEPRECATED_OBJC_IMPLEMENTATIONS = YES;
				CLANG_WARN_DIRECT_OBJC_ISA_USAGE = YES_ERROR;
				CLANG_WARN_DOCUMENTATION_COMMENTS = YES;
				CLANG_WARN_EMPTY_BODY = YES;
				CLANG_WARN_ENUM_CONVERSION = YES;
				CLANG_WARN_INFINITE_RECURSION = YES;
				CLANG_WARN_INT_CONVERSION = YES;
				CLANG_WARN_NON_LITERAL_NULL_CONVERSION = YES;
				CLANG_WARN_OBJC_IMPLICIT_RETAIN_SELF = YES;
				CLANG_WARN_OBJC_LITERAL_CONVERSION = YES;
				CLANG_WARN_OBJC_ROOT_CLASS = YES_ERROR;
				CLANG_WARN_RANGE_LOOP_ANALYSIS = YES;
				CLANG_WARN_STRICT_PROTOTYPES = YES;
				CLANG_WARN_SUSPICIOUS_MOVE = YES;
				CLANG_WARN_UNGUARDED_AVAILABILITY = YES_AGGRESSIVE;
				CLANG_WARN_UNREACHABLE_CODE = YES;
				CLANG_WARN__DUPLICATE_METHOD_MATCH = YES;
				CODE_SIGN_IDENTITY = "iPhone Developer";
				COPY_PHASE_STRIP = NO;
				DEBUG_INFORMATION_FORMAT = "dwarf-with-dsym";
				ENABLE_NS_ASSERTIONS = NO;
				ENABLE_STRICT_OBJC_MSGSEND = YES;
				GCC_C_LANGUAGE_STANDARD = gnu11;
				GCC_NO_COMMON_BLOCKS = YES;
				GCC_WARN_64_TO_32_BIT_CONVERSION = YES;
				GCC_WARN_ABOUT_RETURN_TYPE = YES_ERROR;
				GCC_WARN_UNDECLARED_SELECTOR = YES;
				GCC_WARN_UNINITIALIZED_AUTOS = YES_AGGRESSIVE;
				GCC_WARN_UNUSED_FUNCTION = YES;
				GCC_WARN_UNUSED_VARIABLE = YES;
				IPHONEOS_DEPLOYMENT_TARGET = 11.4;
				MTL_ENABLE_DEBUG_INFO = NO;
				SDKROOT = iphoneos;
				SWIFT_COMPILATION_MODE = wholemodule;
				SWIFT_OPTIMIZATION_LEVEL = "-O";
				VALIDATE_PRODUCT = YES;
			};
			name = Release;
		};
		D47E341B22D45B0700ABE606 /* Debug */ = {
			isa = XCBuildConfiguration;
			buildSettings = {
				ASSETCATALOG_COMPILER_APPICON_NAME = AppIcon;
				CODE_SIGN_STYLE = Automatic;
				INFOPLIST_FILE = MyMemory/Info.plist;
				LD_RUNPATH_SEARCH_PATHS = (
					"$(inherited)",
					"@executable_path/Frameworks",
				);
				PRODUCT_BUNDLE_IDENTIFIER = kr.ac.induk.pyj.MyMemory;
				PRODUCT_NAME = "$(TARGET_NAME)";
				SWIFT_VERSION = 4.0;
				TARGETED_DEVICE_FAMILY = "1,2";
			};
			name = Debug;
		};
		D47E341C22D45B0700ABE606 /* Release */ = {
			isa = XCBuildConfiguration;
			buildSettings = {
				ASSETCATALOG_COMPILER_APPICON_NAME = AppIcon;
				CODE_SIGN_STYLE = Automatic;
				INFOPLIST_FILE = MyMemory/Info.plist;
				LD_RUNPATH_SEARCH_PATHS = (
					"$(inherited)",
					"@executable_path/Frameworks",
				);
				PRODUCT_BUNDLE_IDENTIFIER = kr.ac.induk.pyj.MyMemory;
				PRODUCT_NAME = "$(TARGET_NAME)";
				SWIFT_VERSION = 4.0;
				TARGETED_DEVICE_FAMILY = "1,2";
			};
			name = Release;
		};
/* End XCBuildConfiguration section */

/* Begin XCConfigurationList section */
		D47E340022D45B0600ABE606 /* Build configuration list for PBXProject "MyMemory" */ = {
			isa = XCConfigurationList;
			buildConfigurations = (
				D47E341822D45B0700ABE606 /* Debug */,
				D47E341922D45B0700ABE606 /* Release */,
			);
			defaultConfigurationIsVisible = 0;
			defaultConfigurationName = Release;
		};
		D47E341A22D45B0700ABE606 /* Build configuration list for PBXNativeTarget "MyMemory" */ = {
			isa = XCConfigurationList;
			buildConfigurations = (
				D47E341B22D45B0700ABE606 /* Debug */,
				D47E341C22D45B0700ABE606 /* Release */,
			);
			defaultConfigurationIsVisible = 0;
			defaultConfigurationName = Release;
		};
/* End XCConfigurationList section */

/* Begin XCVersionGroup section */
		D47E340F22D45B0600ABE606 /* MyMemory.xcdatamodeld */ = {
			isa = XCVersionGroup;
			children = (
				D47E341022D45B0600ABE606 /* MyMemory.xcdatamodel */,
			);
			currentVersion = D47E341022D45B0600ABE606 /* MyMemory.xcdatamodel */;
			path = MyMemory.xcdatamodeld;
			sourceTree = "<group>";
			versionGroupType = wrapper.xcdatamodel;
		};
/* End XCVersionGroup section */
	};
	rootObject = D47E33FD22D45B0600ABE606 /* Project object */;
}
